
Microsoft Visual Studio Solution File, Format Version 12.00
# Visual Studio Version 17
VisualStudioVersion = 17.3.32819.101
MinimumVisualStudioVersion = 10.0.40219.1
Project("{FAE04EC0-301F-11D3-BF4B-00C04F79EFBC}") = "DevCard_MVC", "DevCard_MVC\DevCard_MVC.csproj", "{917A7895-BDB3-4B79-BE99-71B5CE2B4ACF}"
EndProject
Global
	GlobalSection(SolutionConfigurationPlatforms) = preSolution
		Debug|Any CPU = Debug|Any CPU
		Release|Any CPU = Release|Any CPU
	EndGlobalSection
	GlobalSection(ProjectConfigurationPlatforms) = postSolution
		{917A7895-BDB3-4B79-BE99-71B5CE2B4ACF}.Debug|Any CPU.ActiveCfg = Debug|Any CPU
		{917A7895-BDB3-4B79-BE99-71B5CE2B4ACF}.Debug|Any CPU.Build.0 = Debug|Any CPU
		{917A7895-BDB3-4B79-BE99-71B5CE2B4ACF}.Release|Any CPU.ActiveCfg = Release|Any CPU
		{917A7895-BDB3-4B79-BE99-71B5CE2B4ACF}.Release|Any CPU.Build.0 = Release|Any CPU
	EndGlobalSection
	GlobalSection(SolutionProperties) = preSolution
		HideSolutionNode = FALSE
	EndGlobalSection
	GlobalSection(ExtensibilityGlobals) = postSolution
		SolutionGuid = {CD42BA89-A6D3-4A3E-931F-99123BB8063D}
	EndGlobalSection
EndGlobal
